
Microsoft Visual Studio Solution File, Format Version 12.00
# Visual Studio 14
VisualStudioVersion = 14.0.25420.1
MinimumVisualStudioVersion = 10.0.40219.1
Project("{FAE04EC0-301F-11D3-BF4B-00C04F79EFBC}") = "FuckOff", "FuckOff\FuckOff\FuckOff.csproj", "{17538DD2-0A7D-4B4B-AAD3-AB7FE1F9459F}"
EndProject
Project("{FAE04EC0-301F-11D3-BF4B-00C04F79EFBC}") = "FuckOff.Droid", "FuckOff\FuckOff.Droid\FuckOff.Droid.csproj", "{4B6FAD46-E373-4203-83C3-FDB9E64F4DA6}"
EndProject
Project("{FAE04EC0-301F-11D3-BF4B-00C04F79EFBC}") = "FuckOff.WinPhone", "FuckOff\FuckOff.WinPhone\FuckOff.WinPhone.csproj", "{4B2CA7F9-B70A-436F-BB70-D4BF638B019C}"
EndProject
Project("{FAE04EC0-301F-11D3-BF4B-00C04F79EFBC}") = "FuckOff.UWP", "FuckOff\FuckOff.UWP\FuckOff.UWP.csproj", "{31AD0A6E-A72C-4FC0-A5EE-EC765B86B4E5}"
EndProject
Project("{FAE04EC0-301F-11D3-BF4B-00C04F79EFBC}") = "FuckOff.Windows", "FuckOff\FuckOff.Windows\FuckOff.Windows.csproj", "{E1404A0B-71E6-4B5A-8B8F-49F32ED741E6}"
EndProject
Project("{FAE04EC0-301F-11D3-BF4B-00C04F79EFBC}") = "FuckOff.Tests", "FuckOff.Tests\FuckOff.Tests.csproj", "{EEB3272F-2C24-4599-89B0-64CB99327A3A}"
EndProject
Global
	GlobalSection(SolutionConfigurationPlatforms) = preSolution
		Ad-Hoc|Any CPU = Ad-Hoc|Any CPU
		Ad-Hoc|ARM = Ad-Hoc|ARM
		Ad-Hoc|iPhone = Ad-Hoc|iPhone
		Ad-Hoc|iPhoneSimulator = Ad-Hoc|iPhoneSimulator
		Ad-Hoc|x64 = Ad-Hoc|x64
		Ad-Hoc|x86 = Ad-Hoc|x86
		AppStore|Any CPU = AppStore|Any CPU
		AppStore|ARM = AppStore|ARM
		AppStore|iPhone = AppStore|iPhone
		AppStore|iPhoneSimulator = AppStore|iPhoneSimulator
		AppStore|x64 = AppStore|x64
		AppStore|x86 = AppStore|x86
		Debug|Any CPU = Debug|Any CPU
		Debug|ARM = Debug|ARM
		Debug|iPhone = Debug|iPhone
		Debug|iPhoneSimulator = Debug|iPhoneSimulator
		Debug|x64 = Debug|x64
		Debug|x86 = Debug|x86
		Release|Any CPU = Release|Any CPU
		Release|ARM = Release|ARM
		Release|iPhone = Release|iPhone
		Release|iPhoneSimulator = Release|iPhoneSimulator
		Release|x64 = Release|x64
		Release|x86 = Release|x86
	EndGlobalSection
	GlobalSection(ProjectConfigurationPlatforms) = postSolution
		{17538DD2-0A7D-4B4B-AAD3-AB7FE1F9459F}.Ad-Hoc|Any CPU.ActiveCfg = Release|Any CPU
		{17538DD2-0A7D-4B4B-AAD3-AB7FE1F9459F}.Ad-Hoc|Any CPU.Build.0 = Release|Any CPU
		{17538DD2-0A7D-4B4B-AAD3-AB7FE1F9459F}.Ad-Hoc|ARM.ActiveCfg = Release|Any CPU
		{17538DD2-0A7D-4B4B-AAD3-AB7FE1F9459F}.Ad-Hoc|ARM.Build.0 = Release|Any CPU
		{17538DD2-0A7D-4B4B-AAD3-AB7FE1F9459F}.Ad-Hoc|iPhone.ActiveCfg = Release|Any CPU
		{17538DD2-0A7D-4B4B-AAD3-AB7FE1F9459F}.Ad-Hoc|iPhone.Build.0 = Release|Any CPU
		{17538DD2-0A7D-4B4B-AAD3-AB7FE1F9459F}.Ad-Hoc|iPhoneSimulator.ActiveCfg = Release|Any CPU
		{17538DD2-0A7D-4B4B-AAD3-AB7FE1F9459F}.Ad-Hoc|iPhoneSimulator.Build.0 = Release|Any CPU
		{17538DD2-0A7D-4B4B-AAD3-AB7FE1F9459F}.Ad-Hoc|x64.ActiveCfg = Release|Any CPU
		{17538DD2-0A7D-4B4B-AAD3-AB7FE1F9459F}.Ad-Hoc|x64.Build.0 = Release|Any CPU
		{17538DD2-0A7D-4B4B-AAD3-AB7FE1F9459F}.Ad-Hoc|x86.ActiveCfg = Release|Any CPU
		{17538DD2-0A7D-4B4B-AAD3-AB7FE1F9459F}.Ad-Hoc|x86.Build.0 = Release|Any CPU
		{17538DD2-0A7D-4B4B-AAD3-AB7FE1F9459F}.AppStore|Any CPU.ActiveCfg = Release|Any CPU
		{17538DD2-0A7D-4B4B-AAD3-AB7FE1F9459F}.AppStore|Any CPU.Build.0 = Release|Any CPU
		{17538DD2-0A7D-4B4B-AAD3-AB7FE1F9459F}.AppStore|ARM.ActiveCfg = Release|Any CPU
		{17538DD2-0A7D-4B4B-AAD3-AB7FE1F9459F}.AppStore|ARM.Build.0 = Release|Any CPU
		{17538DD2-0A7D-4B4B-AAD3-AB7FE1F9459F}.AppStore|iPhone.ActiveCfg = Release|Any CPU
		{17538DD2-0A7D-4B4B-AAD3-AB7FE1F9459F}.AppStore|iPhone.Build.0 = Release|Any CPU
		{17538DD2-0A7D-4B4B-AAD3-AB7FE1F9459F}.AppStore|iPhoneSimulator.ActiveCfg = Release|Any CPU
		{17538DD2-0A7D-4B4B-AAD3-AB7FE1F9459F}.AppStore|iPhoneSimulator.Build.0 = Release|Any CPU
		{17538DD2-0A7D-4B4B-AAD3-AB7FE1F9459F}.AppStore|x64.ActiveCfg = Release|Any CPU
		{17538DD2-0A7D-4B4B-AAD3-AB7FE1F9459F}.AppStore|x64.Build.0 = Release|Any CPU
		{17538DD2-0A7D-4B4B-AAD3-AB7FE1F9459F}.AppStore|x86.ActiveCfg = Release|Any CPU
		{17538DD2-0A7D-4B4B-AAD3-AB7FE1F9459F}.AppStore|x86.Build.0 = Release|Any CPU
		{17538DD2-0A7D-4B4B-AAD3-AB7FE1F9459F}.Debug|Any CPU.ActiveCfg = Debug|Any CPU
		{17538DD2-0A7D-4B4B-AAD3-AB7FE1F9459F}.Debug|Any CPU.Build.0 = Debug|Any CPU
		{17538DD2-0A7D-4B4B-AAD3-AB7FE1F9459F}.Debug|ARM.ActiveCfg = Debug|Any CPU
		{17538DD2-0A7D-4B4B-AAD3-AB7FE1F9459F}.Debug|ARM.Build.0 = Debug|Any CPU
		{17538DD2-0A7D-4B4B-AAD3-AB7FE1F9459F}.Debug|iPhone.ActiveCfg = Debug|Any CPU
		{17538DD2-0A7D-4B4B-AAD3-AB7FE1F9459F}.Debug|iPhone.Build.0 = Debug|Any CPU
		{17538DD2-0A7D-4B4B-AAD3-AB7FE1F9459F}.Debug|iPhoneSimulator.ActiveCfg = Debug|Any CPU
		{17538DD2-0A7D-4B4B-AAD3-AB7FE1F9459F}.Debug|iPhoneSimulator.Build.0 = Debug|Any CPU
		{17538DD2-0A7D-4B4B-AAD3-AB7FE1F9459F}.Debug|x64.ActiveCfg = Debug|Any CPU
		{17538DD2-0A7D-4B4B-AAD3-AB7FE1F9459F}.Debug|x64.Build.0 = Debug|Any CPU
		{17538DD2-0A7D-4B4B-AAD3-AB7FE1F9459F}.Debug|x86.ActiveCfg = Debug|Any CPU
		{17538DD2-0A7D-4B4B-AAD3-AB7FE1F9459F}.Debug|x86.Build.0 = Debug|Any CPU
		{17538DD2-0A7D-4B4B-AAD3-AB7FE1F9459F}.Release|Any CPU.ActiveCfg = Release|Any CPU
		{17538DD2-0A7D-4B4B-AAD3-AB7FE1F9459F}.Release|Any CPU.Build.0 = Release|Any CPU
		{17538DD2-0A7D-4B4B-AAD3-AB7FE1F9459F}.Release|ARM.ActiveCfg = Release|Any CPU
		{17538DD2-0A7D-4B4B-AAD3-AB7FE1F9459F}.Release|ARM.Build.0 = Release|Any CPU
		{17538DD2-0A7D-4B4B-AAD3-AB7FE1F9459F}.Release|iPhone.ActiveCfg = Release|Any CPU
		{17538DD2-0A7D-4B4B-AAD3-AB7FE1F9459F}.Release|iPhone.Build.0 = Release|Any CPU
		{17538DD2-0A7D-4B4B-AAD3-AB7FE1F9459F}.Release|iPhoneSimulator.ActiveCfg = Release|Any CPU
		{17538DD2-0A7D-4B4B-AAD3-AB7FE1F9459F}.Release|iPhoneSimulator.Build.0 = Release|Any CPU
		{17538DD2-0A7D-4B4B-AAD3-AB7FE1F9459F}.Release|x64.ActiveCfg = Release|Any CPU
		{17538DD2-0A7D-4B4B-AAD3-AB7FE1F9459F}.Release|x64.Build.0 = Release|Any CPU
		{17538DD2-0A7D-4B4B-AAD3-AB7FE1F9459F}.Release|x86.ActiveCfg = Release|Any CPU
		{17538DD2-0A7D-4B4B-AAD3-AB7FE1F9459F}.Release|x86.Build.0 = Release|Any CPU
		{4B6FAD46-E373-4203-83C3-FDB9E64F4DA6}.Ad-Hoc|Any CPU.ActiveCfg = Release|Any CPU
		{4B6FAD46-E373-4203-83C3-FDB9E64F4DA6}.Ad-Hoc|Any CPU.Build.0 = Release|Any CPU
		{4B6FAD46-E373-4203-83C3-FDB9E64F4DA6}.Ad-Hoc|Any CPU.Deploy.0 = Release|Any CPU
		{4B6FAD46-E373-4203-83C3-FDB9E64F4DA6}.Ad-Hoc|ARM.ActiveCfg = Release|Any CPU
		{4B6FAD46-E373-4203-83C3-FDB9E64F4DA6}.Ad-Hoc|ARM.Build.0 = Release|Any CPU
		{4B6FAD46-E373-4203-83C3-FDB9E64F4DA6}.Ad-Hoc|ARM.Deploy.0 = Release|Any CPU
		{4B6FAD46-E373-4203-83C3-FDB9E64F4DA6}.Ad-Hoc|iPhone.ActiveCfg = Release|Any CPU
		{4B6FAD46-E373-4203-83C3-FDB9E64F4DA6}.Ad-Hoc|iPhone.Build.0 = Release|Any CPU
		{4B6FAD46-E373-4203-83C3-FDB9E64F4DA6}.Ad-Hoc|iPhone.Deploy.0 = Release|Any CPU
		{4B6FAD46-E373-4203-83C3-FDB9E64F4DA6}.Ad-Hoc|iPhoneSimulator.ActiveCfg = Release|Any CPU
		{4B6FAD46-E373-4203-83C3-FDB9E64F4DA6}.Ad-Hoc|iPhoneSimulator.Build.0 = Release|Any CPU
		{4B6FAD46-E373-4203-83C3-FDB9E64F4DA6}.Ad-Hoc|iPhoneSimulator.Deploy.0 = Release|Any CPU
		{4B6FAD46-E373-4203-83C3-FDB9E64F4DA6}.Ad-Hoc|x64.ActiveCfg = Release|Any CPU
		{4B6FAD46-E373-4203-83C3-FDB9E64F4DA6}.Ad-Hoc|x64.Build.0 = Release|Any CPU
		{4B6FAD46-E373-4203-83C3-FDB9E64F4DA6}.Ad-Hoc|x64.Deploy.0 = Release|Any CPU
		{4B6FAD46-E373-4203-83C3-FDB9E64F4DA6}.Ad-Hoc|x86.ActiveCfg = Release|Any CPU
		{4B6FAD46-E373-4203-83C3-FDB9E64F4DA6}.Ad-Hoc|x86.Build.0 = Release|Any CPU
		{4B6FAD46-E373-4203-83C3-FDB9E64F4DA6}.Ad-Hoc|x86.Deploy.0 = Release|Any CPU
		{4B6FAD46-E373-4203-83C3-FDB9E64F4DA6}.AppStore|Any CPU.ActiveCfg = Release|Any CPU
		{4B6FAD46-E373-4203-83C3-FDB9E64F4DA6}.AppStore|Any CPU.Build.0 = Release|Any CPU
		{4B6FAD46-E373-4203-83C3-FDB9E64F4DA6}.AppStore|Any CPU.Deploy.0 = Release|Any CPU
		{4B6FAD46-E373-4203-83C3-FDB9E64F4DA6}.AppStore|ARM.ActiveCfg = Release|Any CPU
		{4B6FAD46-E373-4203-83C3-FDB9E64F4DA6}.AppStore|ARM.Build.0 = Release|Any CPU
		{4B6FAD46-E373-4203-83C3-FDB9E64F4DA6}.AppStore|ARM.Deploy.0 = Release|Any CPU
		{4B6FAD46-E373-4203-83C3-FDB9E64F4DA6}.AppStore|iPhone.ActiveCfg = Release|Any CPU
		{4B6FAD46-E373-4203-83C3-FDB9E64F4DA6}.AppStore|iPhone.Build.0 = Release|Any CPU
		{4B6FAD46-E373-4203-83C3-FDB9E64F4DA6}.AppStore|iPhone.Deploy.0 = Release|Any CPU
		{4B6FAD46-E373-4203-83C3-FDB9E64F4DA6}.AppStore|iPhoneSimulator.ActiveCfg = Release|Any CPU
		{4B6FAD46-E373-4203-83C3-FDB9E64F4DA6}.AppStore|iPhoneSimulator.Build.0 = Release|Any CPU
		{4B6FAD46-E373-4203-83C3-FDB9E64F4DA6}.AppStore|iPhoneSimulator.Deploy.0 = Release|Any CPU
		{4B6FAD46-E373-4203-83C3-FDB9E64F4DA6}.AppStore|x64.ActiveCfg = Release|Any CPU
		{4B6FAD46-E373-4203-83C3-FDB9E64F4DA6}.AppStore|x64.Build.0 = Release|Any CPU
		{4B6FAD46-E373-4203-83C3-FDB9E64F4DA6}.AppStore|x64.Deploy.0 = Release|Any CPU
		{4B6FAD46-E373-4203-83C3-FDB9E64F4DA6}.AppStore|x86.ActiveCfg = Release|Any CPU
		{4B6FAD46-E373-4203-83C3-FDB9E64F4DA6}.AppStore|x86.Build.0 = Release|Any CPU
		{4B6FAD46-E373-4203-83C3-FDB9E64F4DA6}.AppStore|x86.Deploy.0 = Release|Any CPU
		{4B6FAD46-E373-4203-83C3-FDB9E64F4DA6}.Debug|Any CPU.ActiveCfg = Debug|Any CPU
		{4B6FAD46-E373-4203-83C3-FDB9E64F4DA6}.Debug|Any CPU.Build.0 = Debug|Any CPU
		{4B6FAD46-E373-4203-83C3-FDB9E64F4DA6}.Debug|Any CPU.Deploy.0 = Debug|Any CPU
		{4B6FAD46-E373-4203-83C3-FDB9E64F4DA6}.Debug|ARM.ActiveCfg = Debug|Any CPU
		{4B6FAD46-E373-4203-83C3-FDB9E64F4DA6}.Debug|ARM.Build.0 = Debug|Any CPU
		{4B6FAD46-E373-4203-83C3-FDB9E64F4DA6}.Debug|ARM.Deploy.0 = Debug|Any CPU
		{4B6FAD46-E373-4203-83C3-FDB9E64F4DA6}.Debug|iPhone.ActiveCfg = Debug|Any CPU
		{4B6FAD46-E373-4203-83C3-FDB9E64F4DA6}.Debug|iPhone.Build.0 = Debug|Any CPU
		{4B6FAD46-E373-4203-83C3-FDB9E64F4DA6}.Debug|iPhone.Deploy.0 = Debug|Any CPU
		{4B6FAD46-E373-4203-83C3-FDB9E64F4DA6}.Debug|iPhoneSimulator.ActiveCfg = Debug|Any CPU
		{4B6FAD46-E373-4203-83C3-FDB9E64F4DA6}.Debug|iPhoneSimulator.Build.0 = Debug|Any CPU
		{4B6FAD46-E373-4203-83C3-FDB9E64F4DA6}.Debug|iPhoneSimulator.Deploy.0 = Debug|Any CPU
		{4B6FAD46-E373-4203-83C3-FDB9E64F4DA6}.Debug|x64.ActiveCfg = Debug|Any CPU
		{4B6FAD46-E373-4203-83C3-FDB9E64F4DA6}.Debug|x64.Build.0 = Debug|Any CPU
		{4B6FAD46-E373-4203-83C3-FDB9E64F4DA6}.Debug|x64.Deploy.0 = Debug|Any CPU
		{4B6FAD46-E373-4203-83C3-FDB9E64F4DA6}.Debug|x86.ActiveCfg = Debug|Any CPU
		{4B6FAD46-E373-4203-83C3-FDB9E64F4DA6}.Debug|x86.Build.0 = Debug|Any CPU
		{4B6FAD46-E373-4203-83C3-FDB9E64F4DA6}.Debug|x86.Deploy.0 = Debug|Any CPU
		{4B6FAD46-E373-4203-83C3-FDB9E64F4DA6}.Release|Any CPU.ActiveCfg = Release|Any CPU
		{4B6FAD46-E373-4203-83C3-FDB9E64F4DA6}.Release|Any CPU.Build.0 = Release|Any CPU
		{4B6FAD46-E373-4203-83C3-FDB9E64F4DA6}.Release|Any CPU.Deploy.0 = Release|Any CPU
		{4B6FAD46-E373-4203-83C3-FDB9E64F4DA6}.Release|ARM.ActiveCfg = Release|Any CPU
		{4B6FAD46-E373-4203-83C3-FDB9E64F4DA6}.Release|ARM.Build.0 = Release|Any CPU
		{4B6FAD46-E373-4203-83C3-FDB9E64F4DA6}.Release|ARM.Deploy.0 = Release|Any CPU
		{4B6FAD46-E373-4203-83C3-FDB9E64F4DA6}.Release|iPhone.ActiveCfg = Release|Any CPU
		{4B6FAD46-E373-4203-83C3-FDB9E64F4DA6}.Release|iPhone.Build.0 = Release|Any CPU
		{4B6FAD46-E373-4203-83C3-FDB9E64F4DA6}.Release|iPhone.Deploy.0 = Release|Any CPU
		{4B6FAD46-E373-4203-83C3-FDB9E64F4DA6}.Release|iPhoneSimulator.ActiveCfg = Release|Any CPU
		{4B6FAD46-E373-4203-83C3-FDB9E64F4DA6}.Release|iPhoneSimulator.Build.0 = Release|Any CPU
		{4B6FAD46-E373-4203-83C3-FDB9E64F4DA6}.Release|iPhoneSimulator.Deploy.0 = Release|Any CPU
		{4B6FAD46-E373-4203-83C3-FDB9E64F4DA6}.Release|x64.ActiveCfg = Release|Any CPU
		{4B6FAD46-E373-4203-83C3-FDB9E64F4DA6}.Release|x64.Build.0 = Release|Any CPU
		{4B6FAD46-E373-4203-83C3-FDB9E64F4DA6}.Release|x64.Deploy.0 = Release|Any CPU
		{4B6FAD46-E373-4203-83C3-FDB9E64F4DA6}.Release|x86.ActiveCfg = Release|Any CPU
		{4B6FAD46-E373-4203-83C3-FDB9E64F4DA6}.Release|x86.Build.0 = Release|Any CPU
		{4B6FAD46-E373-4203-83C3-FDB9E64F4DA6}.Release|x86.Deploy.0 = Release|Any CPU
		{4B2CA7F9-B70A-436F-BB70-D4BF638B019C}.Ad-Hoc|Any CPU.ActiveCfg = Release|Any CPU
		{4B2CA7F9-B70A-436F-BB70-D4BF638B019C}.Ad-Hoc|Any CPU.Build.0 = Release|Any CPU
		{4B2CA7F9-B70A-436F-BB70-D4BF638B019C}.Ad-Hoc|Any CPU.Deploy.0 = Release|Any CPU
		{4B2CA7F9-B70A-436F-BB70-D4BF638B019C}.Ad-Hoc|ARM.ActiveCfg = Release|ARM
		{4B2CA7F9-B70A-436F-BB70-D4BF638B019C}.Ad-Hoc|ARM.Build.0 = Release|ARM
		{4B2CA7F9-B70A-436F-BB70-D4BF638B019C}.Ad-Hoc|ARM.Deploy.0 = Release|ARM
		{4B2CA7F9-B70A-436F-BB70-D4BF638B019C}.Ad-Hoc|iPhone.ActiveCfg = Release|Any CPU
		{4B2CA7F9-B70A-436F-BB70-D4BF638B019C}.Ad-Hoc|iPhone.Build.0 = Release|Any CPU
		{4B2CA7F9-B70A-436F-BB70-D4BF638B019C}.Ad-Hoc|iPhone.Deploy.0 = Release|Any CPU
		{4B2CA7F9-B70A-436F-BB70-D4BF638B019C}.Ad-Hoc|iPhoneSimulator.ActiveCfg = Release|Any CPU
		{4B2CA7F9-B70A-436F-BB70-D4BF638B019C}.Ad-Hoc|iPhoneSimulator.Build.0 = Release|Any CPU
		{4B2CA7F9-B70A-436F-BB70-D4BF638B019C}.Ad-Hoc|iPhoneSimulator.Deploy.0 = Release|Any CPU
		{4B2CA7F9-B70A-436F-BB70-D4BF638B019C}.Ad-Hoc|x64.ActiveCfg = Release|Any CPU
		{4B2CA7F9-B70A-436F-BB70-D4BF638B019C}.Ad-Hoc|x64.Build.0 = Release|Any CPU
		{4B2CA7F9-B70A-436F-BB70-D4BF638B019C}.Ad-Hoc|x64.Deploy.0 = Release|Any CPU
		{4B2CA7F9-B70A-436F-BB70-D4BF638B019C}.Ad-Hoc|x86.ActiveCfg = Release|x86
		{4B2CA7F9-B70A-436F-BB70-D4BF638B019C}.Ad-Hoc|x86.Build.0 = Release|x86
		{4B2CA7F9-B70A-436F-BB70-D4BF638B019C}.Ad-Hoc|x86.Deploy.0 = Release|x86
		{4B2CA7F9-B70A-436F-BB70-D4BF638B019C}.AppStore|Any CPU.ActiveCfg = Release|Any CPU
		{4B2CA7F9-B70A-436F-BB70-D4BF638B019C}.AppStore|Any CPU.Build.0 = Release|Any CPU
		{4B2CA7F9-B70A-436F-BB70-D4BF638B019C}.AppStore|Any CPU.Deploy.0 = Release|Any CPU
		{4B2CA7F9-B70A-436F-BB70-D4BF638B019C}.AppStore|ARM.ActiveCfg = Release|ARM
		{4B2CA7F9-B70A-436F-BB70-D4BF638B019C}.AppStore|ARM.Build.0 = Release|ARM
		{4B2CA7F9-B70A-436F-BB70-D4BF638B019C}.AppStore|ARM.Deploy.0 = Release|ARM
		{4B2CA7F9-B70A-436F-BB70-D4BF638B019C}.AppStore|iPhone.ActiveCfg = Release|Any CPU
		{4B2CA7F9-B70A-436F-BB70-D4BF638B019C}.AppStore|iPhone.Build.0 = Release|Any CPU
		{4B2CA7F9-B70A-436F-BB70-D4BF638B019C}.AppStore|iPhone.Deploy.0 = Release|Any CPU
		{4B2CA7F9-B70A-436F-BB70-D4BF638B019C}.AppStore|iPhoneSimulator.ActiveCfg = Release|Any CPU
		{4B2CA7F9-B70A-436F-BB70-D4BF638B019C}.AppStore|iPhoneSimulator.Build.0 = Release|Any CPU
		{4B2CA7F9-B70A-436F-BB70-D4BF638B019C}.AppStore|iPhoneSimulator.Deploy.0 = Release|Any CPU
		{4B2CA7F9-B70A-436F-BB70-D4BF638B019C}.AppStore|x64.ActiveCfg = Release|Any CPU
		{4B2CA7F9-B70A-436F-BB70-D4BF638B019C}.AppStore|x64.Build.0 = Release|Any CPU
		{4B2CA7F9-B70A-436F-BB70-D4BF638B019C}.AppStore|x64.Deploy.0 = Release|Any CPU
		{4B2CA7F9-B70A-436F-BB70-D4BF638B019C}.AppStore|x86.ActiveCfg = Release|x86
		{4B2CA7F9-B70A-436F-BB70-D4BF638B019C}.AppStore|x86.Build.0 = Release|x86
		{4B2CA7F9-B70A-436F-BB70-D4BF638B019C}.AppStore|x86.Deploy.0 = Release|x86
		{4B2CA7F9-B70A-436F-BB70-D4BF638B019C}.Debug|Any CPU.ActiveCfg = Debug|Any CPU
		{4B2CA7F9-B70A-436F-BB70-D4BF638B019C}.Debug|Any CPU.Build.0 = Debug|Any CPU
		{4B2CA7F9-B70A-436F-BB70-D4BF638B019C}.Debug|Any CPU.Deploy.0 = Debug|Any CPU
		{4B2CA7F9-B70A-436F-BB70-D4BF638B019C}.Debug|ARM.ActiveCfg = Debug|ARM
		{4B2CA7F9-B70A-436F-BB70-D4BF638B019C}.Debug|ARM.Build.0 = Debug|ARM
		{4B2CA7F9-B70A-436F-BB70-D4BF638B019C}.Debug|ARM.Deploy.0 = Debug|ARM
		{4B2CA7F9-B70A-436F-BB70-D4BF638B019C}.Debug|iPhone.ActiveCfg = Debug|Any CPU
		{4B2CA7F9-B70A-436F-BB70-D4BF638B019C}.Debug|iPhone.Build.0 = Debug|Any CPU
		{4B2CA7F9-B70A-436F-BB70-D4BF638B019C}.Debug|iPhone.Deploy.0 = Debug|Any CPU
		{4B2CA7F9-B70A-436F-BB70-D4BF638B019C}.Debug|iPhoneSimulator.ActiveCfg = Debug|Any CPU
		{4B2CA7F9-B70A-436F-BB70-D4BF638B019C}.Debug|iPhoneSimulator.Build.0 = Debug|Any CPU
		{4B2CA7F9-B70A-436F-BB70-D4BF638B019C}.Debug|iPhoneSimulator.Deploy.0 = Debug|Any CPU
		{4B2CA7F9-B70A-436F-BB70-D4BF638B019C}.Debug|x64.ActiveCfg = Debug|Any CPU
		{4B2CA7F9-B70A-436F-BB70-D4BF638B019C}.Debug|x64.Build.0 = Debug|Any CPU
		{4B2CA7F9-B70A-436F-BB70-D4BF638B019C}.Debug|x64.Deploy.0 = Debug|Any CPU
		{4B2CA7F9-B70A-436F-BB70-D4BF638B019C}.Debug|x86.ActiveCfg = Debug|x86
		{4B2CA7F9-B70A-436F-BB70-D4BF638B019C}.Debug|x86.Build.0 = Debug|x86
		{4B2CA7F9-B70A-436F-BB70-D4BF638B019C}.Debug|x86.Deploy.0 = Debug|x86
		{4B2CA7F9-B70A-436F-BB70-D4BF638B019C}.Release|Any CPU.ActiveCfg = Release|Any CPU
		{4B2CA7F9-B70A-436F-BB70-D4BF638B019C}.Release|Any CPU.Build.0 = Release|Any CPU
		{4B2CA7F9-B70A-436F-BB70-D4BF638B019C}.Release|Any CPU.Deploy.0 = Release|Any CPU
		{4B2CA7F9-B70A-436F-BB70-D4BF638B019C}.Release|ARM.ActiveCfg = Release|ARM
		{4B2CA7F9-B70A-436F-BB70-D4BF638B019C}.Release|ARM.Build.0 = Release|ARM
		{4B2CA7F9-B70A-436F-BB70-D4BF638B019C}.Release|ARM.Deploy.0 = Release|ARM
		{4B2CA7F9-B70A-436F-BB70-D4BF638B019C}.Release|iPhone.ActiveCfg = Release|Any CPU
		{4B2CA7F9-B70A-436F-BB70-D4BF638B019C}.Release|iPhone.Build.0 = Release|Any CPU
		{4B2CA7F9-B70A-436F-BB70-D4BF638B019C}.Release|iPhone.Deploy.0 = Release|Any CPU
		{4B2CA7F9-B70A-436F-BB70-D4BF638B019C}.Release|iPhoneSimulator.ActiveCfg = Release|Any CPU
		{4B2CA7F9-B70A-436F-BB70-D4BF638B019C}.Release|iPhoneSimulator.Build.0 = Release|Any CPU
		{4B2CA7F9-B70A-436F-BB70-D4BF638B019C}.Release|iPhoneSimulator.Deploy.0 = Release|Any CPU
		{4B2CA7F9-B70A-436F-BB70-D4BF638B019C}.Release|x64.ActiveCfg = Release|Any CPU
		{4B2CA7F9-B70A-436F-BB70-D4BF638B019C}.Release|x64.Build.0 = Release|Any CPU
		{4B2CA7F9-B70A-436F-BB70-D4BF638B019C}.Release|x64.Deploy.0 = Release|Any CPU
		{4B2CA7F9-B70A-436F-BB70-D4BF638B019C}.Release|x86.ActiveCfg = Release|x86
		{4B2CA7F9-B70A-436F-BB70-D4BF638B019C}.Release|x86.Build.0 = Release|x86
		{4B2CA7F9-B70A-436F-BB70-D4BF638B019C}.Release|x86.Deploy.0 = Release|x86
		{31AD0A6E-A72C-4FC0-A5EE-EC765B86B4E5}.Ad-Hoc|Any CPU.ActiveCfg = Release|x86
		{31AD0A6E-A72C-4FC0-A5EE-EC765B86B4E5}.Ad-Hoc|Any CPU.Build.0 = Release|x86
		{31AD0A6E-A72C-4FC0-A5EE-EC765B86B4E5}.Ad-Hoc|Any CPU.Deploy.0 = Release|x86
		{31AD0A6E-A72C-4FC0-A5EE-EC765B86B4E5}.Ad-Hoc|ARM.ActiveCfg = Release|ARM
		{31AD0A6E-A72C-4FC0-A5EE-EC765B86B4E5}.Ad-Hoc|ARM.Build.0 = Release|ARM
		{31AD0A6E-A72C-4FC0-A5EE-EC765B86B4E5}.Ad-Hoc|ARM.Deploy.0 = Release|ARM
		{31AD0A6E-A72C-4FC0-A5EE-EC765B86B4E5}.Ad-Hoc|iPhone.ActiveCfg = Release|x86
		{31AD0A6E-A72C-4FC0-A5EE-EC765B86B4E5}.Ad-Hoc|iPhone.Build.0 = Release|x86
		{31AD0A6E-A72C-4FC0-A5EE-EC765B86B4E5}.Ad-Hoc|iPhone.Deploy.0 = Release|x86
		{31AD0A6E-A72C-4FC0-A5EE-EC765B86B4E5}.Ad-Hoc|iPhoneSimulator.ActiveCfg = Release|x86
		{31AD0A6E-A72C-4FC0-A5EE-EC765B86B4E5}.Ad-Hoc|iPhoneSimulator.Build.0 = Release|x86
		{31AD0A6E-A72C-4FC0-A5EE-EC765B86B4E5}.Ad-Hoc|iPhoneSimulator.Deploy.0 = Release|x86
		{31AD0A6E-A72C-4FC0-A5EE-EC765B86B4E5}.Ad-Hoc|x64.ActiveCfg = Release|x64
		{31AD0A6E-A72C-4FC0-A5EE-EC765B86B4E5}.Ad-Hoc|x64.Build.0 = Release|x64
		{31AD0A6E-A72C-4FC0-A5EE-EC765B86B4E5}.Ad-Hoc|x64.Deploy.0 = Release|x64
		{31AD0A6E-A72C-4FC0-A5EE-EC765B86B4E5}.Ad-Hoc|x86.ActiveCfg = Release|x86
		{31AD0A6E-A72C-4FC0-A5EE-EC765B86B4E5}.Ad-Hoc|x86.Build.0 = Release|x86
		{31AD0A6E-A72C-4FC0-A5EE-EC765B86B4E5}.Ad-Hoc|x86.Deploy.0 = Release|x86
		{31AD0A6E-A72C-4FC0-A5EE-EC765B86B4E5}.AppStore|Any CPU.ActiveCfg = Release|x86
		{31AD0A6E-A72C-4FC0-A5EE-EC765B86B4E5}.AppStore|Any CPU.Build.0 = Release|x86
		{31AD0A6E-A72C-4FC0-A5EE-EC765B86B4E5}.AppStore|Any CPU.Deploy.0 = Release|x86
		{31AD0A6E-A72C-4FC0-A5EE-EC765B86B4E5}.AppStore|ARM.ActiveCfg = Release|ARM
		{31AD0A6E-A72C-4FC0-A5EE-EC765B86B4E5}.AppStore|ARM.Build.0 = Release|ARM
		{31AD0A6E-A72C-4FC0-A5EE-EC765B86B4E5}.AppStore|ARM.Deploy.0 = Release|ARM
		{31AD0A6E-A72C-4FC0-A5EE-EC765B86B4E5}.AppStore|iPhone.ActiveCfg = Release|x86
		{31AD0A6E-A72C-4FC0-A5EE-EC765B86B4E5}.AppStore|iPhone.Build.0 = Release|x86
		{31AD0A6E-A72C-4FC0-A5EE-EC765B86B4E5}.AppStore|iPhone.Deploy.0 = Release|x86
		{31AD0A6E-A72C-4FC0-A5EE-EC765B86B4E5}.AppStore|iPhoneSimulator.ActiveCfg = Release|x86
		{31AD0A6E-A72C-4FC0-A5EE-EC765B86B4E5}.AppStore|iPhoneSimulator.Build.0 = Release|x86
		{31AD0A6E-A72C-4FC0-A5EE-EC765B86B4E5}.AppStore|iPhoneSimulator.Deploy.0 = Release|x86
		{31AD0A6E-A72C-4FC0-A5EE-EC765B86B4E5}.AppStore|x64.ActiveCfg = Release|x64
		{31AD0A6E-A72C-4FC0-A5EE-EC765B86B4E5}.AppStore|x64.Build.0 = Release|x64
		{31AD0A6E-A72C-4FC0-A5EE-EC765B86B4E5}.AppStore|x64.Deploy.0 = Release|x64
		{31AD0A6E-A72C-4FC0-A5EE-EC765B86B4E5}.AppStore|x86.ActiveCfg = Release|x86
		{31AD0A6E-A72C-4FC0-A5EE-EC765B86B4E5}.AppStore|x86.Build.0 = Release|x86
		{31AD0A6E-A72C-4FC0-A5EE-EC765B86B4E5}.AppStore|x86.Deploy.0 = Release|x86
		{31AD0A6E-A72C-4FC0-A5EE-EC765B86B4E5}.Debug|Any CPU.ActiveCfg = Debug|x86
		{31AD0A6E-A72C-4FC0-A5EE-EC765B86B4E5}.Debug|ARM.ActiveCfg = Debug|ARM
		{31AD0A6E-A72C-4FC0-A5EE-EC765B86B4E5}.Debug|ARM.Build.0 = Debug|ARM
		{31AD0A6E-A72C-4FC0-A5EE-EC765B86B4E5}.Debug|ARM.Deploy.0 = Debug|ARM
		{31AD0A6E-A72C-4FC0-A5EE-EC765B86B4E5}.Debug|iPhone.ActiveCfg = Debug|x86
		{31AD0A6E-A72C-4FC0-A5EE-EC765B86B4E5}.Debug|iPhoneSimulator.ActiveCfg = Debug|x86
		{31AD0A6E-A72C-4FC0-A5EE-EC765B86B4E5}.Debug|x64.ActiveCfg = Debug|x64
		{31AD0A6E-A72C-4FC0-A5EE-EC765B86B4E5}.Debug|x64.Build.0 = Debug|x64
		{31AD0A6E-A72C-4FC0-A5EE-EC765B86B4E5}.Debug|x64.Deploy.0 = Debug|x64
		{31AD0A6E-A72C-4FC0-A5EE-EC765B86B4E5}.Debug|x86.ActiveCfg = Debug|x86
		{31AD0A6E-A72C-4FC0-A5EE-EC765B86B4E5}.Debug|x86.Build.0 = Debug|x86
		{31AD0A6E-A72C-4FC0-A5EE-EC765B86B4E5}.Debug|x86.Deploy.0 = Debug|x86
		{31AD0A6E-A72C-4FC0-A5EE-EC765B86B4E5}.Release|Any CPU.ActiveCfg = Release|x86
		{31AD0A6E-A72C-4FC0-A5EE-EC765B86B4E5}.Release|ARM.ActiveCfg = Release|ARM
		{31AD0A6E-A72C-4FC0-A5EE-EC765B86B4E5}.Release|ARM.Build.0 = Release|ARM
		{31AD0A6E-A72C-4FC0-A5EE-EC765B86B4E5}.Release|ARM.Deploy.0 = Release|ARM
		{31AD0A6E-A72C-4FC0-A5EE-EC765B86B4E5}.Release|iPhone.ActiveCfg = Release|x86
		{31AD0A6E-A72C-4FC0-A5EE-EC765B86B4E5}.Release|iPhoneSimulator.ActiveCfg = Release|x86
		{31AD0A6E-A72C-4FC0-A5EE-EC765B86B4E5}.Release|x64.ActiveCfg = Release|x64
		{31AD0A6E-A72C-4FC0-A5EE-EC765B86B4E5}.Release|x64.Build.0 = Release|x64
		{31AD0A6E-A72C-4FC0-A5EE-EC765B86B4E5}.Release|x64.Deploy.0 = Release|x64
		{31AD0A6E-A72C-4FC0-A5EE-EC765B86B4E5}.Release|x86.ActiveCfg = Release|x86
		{31AD0A6E-A72C-4FC0-A5EE-EC765B86B4E5}.Release|x86.Build.0 = Release|x86
		{31AD0A6E-A72C-4FC0-A5EE-EC765B86B4E5}.Release|x86.Deploy.0 = Release|x86
		{E1404A0B-71E6-4B5A-8B8F-49F32ED741E6}.Ad-Hoc|Any CPU.ActiveCfg = Release|Any CPU
		{E1404A0B-71E6-4B5A-8B8F-49F32ED741E6}.Ad-Hoc|Any CPU.Build.0 = Release|Any CPU
		{E1404A0B-71E6-4B5A-8B8F-49F32ED741E6}.Ad-Hoc|Any CPU.Deploy.0 = Release|Any CPU
		{E1404A0B-71E6-4B5A-8B8F-49F32ED741E6}.Ad-Hoc|ARM.ActiveCfg = Release|ARM
		{E1404A0B-71E6-4B5A-8B8F-49F32ED741E6}.Ad-Hoc|ARM.Build.0 = Release|ARM
		{E1404A0B-71E6-4B5A-8B8F-49F32ED741E6}.Ad-Hoc|ARM.Deploy.0 = Release|ARM
		{E1404A0B-71E6-4B5A-8B8F-49F32ED741E6}.Ad-Hoc|iPhone.ActiveCfg = Release|Any CPU
		{E1404A0B-71E6-4B5A-8B8F-49F32ED741E6}.Ad-Hoc|iPhone.Build.0 = Release|Any CPU
		{E1404A0B-71E6-4B5A-8B8F-49F32ED741E6}.Ad-Hoc|iPhone.Deploy.0 = Release|Any CPU
		{E1404A0B-71E6-4B5A-8B8F-49F32ED741E6}.Ad-Hoc|iPhoneSimulator.ActiveCfg = Release|Any CPU
		{E1404A0B-71E6-4B5A-8B8F-49F32ED741E6}.Ad-Hoc|iPhoneSimulator.Build.0 = Release|Any CPU
		{E1404A0B-71E6-4B5A-8B8F-49F32ED741E6}.Ad-Hoc|iPhoneSimulator.Deploy.0 = Release|Any CPU
		{E1404A0B-71E6-4B5A-8B8F-49F32ED741E6}.Ad-Hoc|x64.ActiveCfg = Release|x64
		{E1404A0B-71E6-4B5A-8B8F-49F32ED741E6}.Ad-Hoc|x64.Build.0 = Release|x64
		{E1404A0B-71E6-4B5A-8B8F-49F32ED741E6}.Ad-Hoc|x64.Deploy.0 = Release|x64
		{E1404A0B-71E6-4B5A-8B8F-49F32ED741E6}.Ad-Hoc|x86.ActiveCfg = Release|x86
		{E1404A0B-71E6-4B5A-8B8F-49F32ED741E6}.Ad-Hoc|x86.Build.0 = Release|x86
		{E1404A0B-71E6-4B5A-8B8F-49F32ED741E6}.Ad-Hoc|x86.Deploy.0 = Release|x86
		{E1404A0B-71E6-4B5A-8B8F-49F32ED741E6}.AppStore|Any CPU.ActiveCfg = Release|Any CPU
		{E1404A0B-71E6-4B5A-8B8F-49F32ED741E6}.AppStore|Any CPU.Build.0 = Release|Any CPU
		{E1404A0B-71E6-4B5A-8B8F-49F32ED741E6}.AppStore|Any CPU.Deploy.0 = Release|Any CPU
		{E1404A0B-71E6-4B5A-8B8F-49F32ED741E6}.AppStore|ARM.ActiveCfg = Release|ARM
		{E1404A0B-71E6-4B5A-8B8F-49F32ED741E6}.AppStore|ARM.Build.0 = Release|ARM
		{E1404A0B-71E6-4B5A-8B8F-49F32ED741E6}.AppStore|ARM.Deploy.0 = Release|ARM
		{E1404A0B-71E6-4B5A-8B8F-49F32ED741E6}.AppStore|iPhone.ActiveCfg = Release|Any CPU
		{E1404A0B-71E6-4B5A-8B8F-49F32ED741E6}.AppStore|iPhone.Build.0 = Release|Any CPU
		{E1404A0B-71E6-4B5A-8B8F-49F32ED741E6}.AppStore|iPhone.Deploy.0 = Release|Any CPU
		{E1404A0B-71E6-4B5A-8B8F-49F32ED741E6}.AppStore|iPhoneSimulator.ActiveCfg = Release|Any CPU
		{E1404A0B-71E6-4B5A-8B8F-49F32ED741E6}.AppStore|iPhoneSimulator.Build.0 = Release|Any CPU
		{E1404A0B-71E6-4B5A-8B8F-49F32ED741E6}.AppStore|iPhoneSimulator.Deploy.0 = Release|Any CPU
		{E1404A0B-71E6-4B5A-8B8F-49F32ED741E6}.AppStore|x64.ActiveCfg = Release|x64
		{E1404A0B-71E6-4B5A-8B8F-49F32ED741E6}.AppStore|x64.Build.0 = Release|x64
		{E1404A0B-71E6-4B5A-8B8F-49F32ED741E6}.AppStore|x64.Deploy.0 = Release|x64
		{E1404A0B-71E6-4B5A-8B8F-49F32ED741E6}.AppStore|x86.ActiveCfg = Release|x86
		{E1404A0B-71E6-4B5A-8B8F-49F32ED741E6}.AppStore|x86.Build.0 = Release|x86
		{E1404A0B-71E6-4B5A-8B8F-49F32ED741E6}.AppStore|x86.Deploy.0 = Release|x86
		{E1404A0B-71E6-4B5A-8B8F-49F32ED741E6}.Debug|Any CPU.ActiveCfg = Debug|Any CPU
		{E1404A0B-71E6-4B5A-8B8F-49F32ED741E6}.Debug|Any CPU.Build.0 = Debug|Any CPU
		{E1404A0B-71E6-4B5A-8B8F-49F32ED741E6}.Debug|Any CPU.Deploy.0 = Debug|Any CPU
		{E1404A0B-71E6-4B5A-8B8F-49F32ED741E6}.Debug|ARM.ActiveCfg = Debug|ARM
		{E1404A0B-71E6-4B5A-8B8F-49F32ED741E6}.Debug|ARM.Build.0 = Debug|ARM
		{E1404A0B-71E6-4B5A-8B8F-49F32ED741E6}.Debug|ARM.Deploy.0 = Debug|ARM
		{E1404A0B-71E6-4B5A-8B8F-49F32ED741E6}.Debug|iPhone.ActiveCfg = Debug|Any CPU
		{E1404A0B-71E6-4B5A-8B8F-49F32ED741E6}.Debug|iPhone.Build.0 = Debug|Any CPU
		{E1404A0B-71E6-4B5A-8B8F-49F32ED741E6}.Debug|iPhone.Deploy.0 = Debug|Any CPU
		{E1404A0B-71E6-4B5A-8B8F-49F32ED741E6}.Debug|iPhoneSimulator.ActiveCfg = Debug|Any CPU
		{E1404A0B-71E6-4B5A-8B8F-49F32ED741E6}.Debug|iPhoneSimulator.Build.0 = Debug|Any CPU
		{E1404A0B-71E6-4B5A-8B8F-49F32ED741E6}.Debug|iPhoneSimulator.Deploy.0 = Debug|Any CPU
		{E1404A0B-71E6-4B5A-8B8F-49F32ED741E6}.Debug|x64.ActiveCfg = Debug|x64
		{E1404A0B-71E6-4B5A-8B8F-49F32ED741E6}.Debug|x64.Build.0 = Debug|x64
		{E1404A0B-71E6-4B5A-8B8F-49F32ED741E6}.Debug|x64.Deploy.0 = Debug|x64
		{E1404A0B-71E6-4B5A-8B8F-49F32ED741E6}.Debug|x86.ActiveCfg = Debug|x86
		{E1404A0B-71E6-4B5A-8B8F-49F32ED741E6}.Debug|x86.Build.0 = Debug|x86
		{E1404A0B-71E6-4B5A-8B8F-49F32ED741E6}.Debug|x86.Deploy.0 = Debug|x86
		{E1404A0B-71E6-4B5A-8B8F-49F32ED741E6}.Release|Any CPU.ActiveCfg = Release|Any CPU
		{E1404A0B-71E6-4B5A-8B8F-49F32ED741E6}.Release|Any CPU.Build.0 = Release|Any CPU
		{E1404A0B-71E6-4B5A-8B8F-49F32ED741E6}.Release|Any CPU.Deploy.0 = Release|Any CPU
		{E1404A0B-71E6-4B5A-8B8F-49F32ED741E6}.Release|ARM.ActiveCfg = Release|ARM
		{E1404A0B-71E6-4B5A-8B8F-49F32ED741E6}.Release|ARM.Build.0 = Release|ARM
		{E1404A0B-71E6-4B5A-8B8F-49F32ED741E6}.Release|ARM.Deploy.0 = Release|ARM
		{E1404A0B-71E6-4B5A-8B8F-49F32ED741E6}.Release|iPhone.ActiveCfg = Release|Any CPU
		{E1404A0B-71E6-4B5A-8B8F-49F32ED741E6}.Release|iPhone.Build.0 = Release|Any CPU
		{E1404A0B-71E6-4B5A-8B8F-49F32ED741E6}.Release|iPhone.Deploy.0 = Release|Any CPU
		{E1404A0B-71E6-4B5A-8B8F-49F32ED741E6}.Release|iPhoneSimulator.ActiveCfg = Release|Any CPU
		{E1404A0B-71E6-4B5A-8B8F-49F32ED741E6}.Release|iPhoneSimulator.Build.0 = Release|Any CPU
		{E1404A0B-71E6-4B5A-8B8F-49F32ED741E6}.Release|iPhoneSimulator.Deploy.0 = Release|Any CPU
		{E1404A0B-71E6-4B5A-8B8F-49F32ED741E6}.Release|x64.ActiveCfg = Release|x64
		{E1404A0B-71E6-4B5A-8B8F-49F32ED741E6}.Release|x64.Build.0 = Release|x64
		{E1404A0B-71E6-4B5A-8B8F-49F32ED741E6}.Release|x64.Deploy.0 = Release|x64
		{E1404A0B-71E6-4B5A-8B8F-49F32ED741E6}.Release|x86.ActiveCfg = Release|x86
		{E1404A0B-71E6-4B5A-8B8F-49F32ED741E6}.Release|x86.Build.0 = Release|x86
		{E1404A0B-71E6-4B5A-8B8F-49F32ED741E6}.Release|x86.Deploy.0 = Release|x86
		{EEB3272F-2C24-4599-89B0-64CB99327A3A}.Ad-Hoc|Any CPU.ActiveCfg = Release|Any CPU
		{EEB3272F-2C24-4599-89B0-64CB99327A3A}.Ad-Hoc|Any CPU.Build.0 = Release|Any CPU
		{EEB3272F-2C24-4599-89B0-64CB99327A3A}.Ad-Hoc|ARM.ActiveCfg = Release|Any CPU
		{EEB3272F-2C24-4599-89B0-64CB99327A3A}.Ad-Hoc|ARM.Build.0 = Release|Any CPU
		{EEB3272F-2C24-4599-89B0-64CB99327A3A}.Ad-Hoc|iPhone.ActiveCfg = Release|Any CPU
		{EEB3272F-2C24-4599-89B0-64CB99327A3A}.Ad-Hoc|iPhone.Build.0 = Release|Any CPU
		{EEB3272F-2C24-4599-89B0-64CB99327A3A}.Ad-Hoc|iPhoneSimulator.ActiveCfg = Release|Any CPU
		{EEB3272F-2C24-4599-89B0-64CB99327A3A}.Ad-Hoc|iPhoneSimulator.Build.0 = Release|Any CPU
		{EEB3272F-2C24-4599-89B0-64CB99327A3A}.Ad-Hoc|x64.ActiveCfg = Release|Any CPU
		{EEB3272F-2C24-4599-89B0-64CB99327A3A}.Ad-Hoc|x64.Build.0 = Release|Any CPU
		{EEB3272F-2C24-4599-89B0-64CB99327A3A}.Ad-Hoc|x86.ActiveCfg = Release|Any CPU
		{EEB3272F-2C24-4599-89B0-64CB99327A3A}.Ad-Hoc|x86.Build.0 = Release|Any CPU
		{EEB3272F-2C24-4599-89B0-64CB99327A3A}.AppStore|Any CPU.ActiveCfg = Release|Any CPU
		{EEB3272F-2C24-4599-89B0-64CB99327A3A}.AppStore|Any CPU.Build.0 = Release|Any CPU
		{EEB3272F-2C24-4599-89B0-64CB99327A3A}.AppStore|ARM.ActiveCfg = Release|Any CPU
		{EEB3272F-2C24-4599-89B0-64CB99327A3A}.AppStore|ARM.Build.0 = Release|Any CPU
		{EEB3272F-2C24-4599-89B0-64CB99327A3A}.AppStore|iPhone.ActiveCfg = Release|Any CPU
		{EEB3272F-2C24-4599-89B0-64CB99327A3A}.AppStore|iPhone.Build.0 = Release|Any CPU
		{EEB3272F-2C24-4599-89B0-64CB99327A3A}.AppStore|iPhoneSimulator.ActiveCfg = Release|Any CPU
		{EEB3272F-2C24-4599-89B0-64CB99327A3A}.AppStore|iPhoneSimulator.Build.0 = Release|Any CPU
		{EEB3272F-2C24-4599-89B0-64CB99327A3A}.AppStore|x64.ActiveCfg = Release|Any CPU
		{EEB3272F-2C24-4599-89B0-64CB99327A3A}.AppStore|x64.Build.0 = Release|Any CPU
		{EEB3272F-2C24-4599-89B0-64CB99327A3A}.AppStore|x86.ActiveCfg = Release|Any CPU
		{EEB3272F-2C24-4599-89B0-64CB99327A3A}.AppStore|x86.Build.0 = Release|Any CPU
		{EEB3272F-2C24-4599-89B0-64CB99327A3A}.Debug|Any CPU.ActiveCfg = Debug|Any CPU
		{EEB3272F-2C24-4599-89B0-64CB99327A3A}.Debug|Any CPU.Build.0 = Debug|Any CPU
		{EEB3272F-2C24-4599-89B0-64CB99327A3A}.Debug|ARM.ActiveCfg = Debug|Any CPU
		{EEB3272F-2C24-4599-89B0-64CB99327A3A}.Debug|ARM.Build.0 = Debug|Any CPU
		{EEB3272F-2C24-4599-89B0-64CB99327A3A}.Debug|iPhone.ActiveCfg = Debug|Any CPU
		{EEB3272F-2C24-4599-89B0-64CB99327A3A}.Debug|iPhone.Build.0 = Debug|Any CPU
		{EEB3272F-2C24-4599-89B0-64CB99327A3A}.Debug|iPhoneSimulator.ActiveCfg = Debug|Any CPU
		{EEB3272F-2C24-4599-89B0-64CB99327A3A}.Debug|iPhoneSimulator.Build.0 = Debug|Any CPU
		{EEB3272F-2C24-4599-89B0-64CB99327A3A}.Debug|x64.ActiveCfg = Debug|Any CPU
		{EEB3272F-2C24-4599-89B0-64CB99327A3A}.Debug|x64.Build.0 = Debug|Any CPU
		{EEB3272F-2C24-4599-89B0-64CB99327A3A}.Debug|x86.ActiveCfg = Debug|Any CPU
		{EEB3272F-2C24-4599-89B0-64CB99327A3A}.Debug|x86.Build.0 = Debug|Any CPU
		{EEB3272F-2C24-4599-89B0-64CB99327A3A}.Release|Any CPU.ActiveCfg = Release|Any CPU
		{EEB3272F-2C24-4599-89B0-64CB99327A3A}.Release|Any CPU.Build.0 = Release|Any CPU
		{EEB3272F-2C24-4599-89B0-64CB99327A3A}.Release|ARM.ActiveCfg = Release|Any CPU
		{EEB3272F-2C24-4599-89B0-64CB99327A3A}.Release|ARM.Build.0 = Release|Any CPU
		{EEB3272F-2C24-4599-89B0-64CB99327A3A}.Release|iPhone.ActiveCfg = Release|Any CPU
		{EEB3272F-2C24-4599-89B0-64CB99327A3A}.Release|iPhone.Build.0 = Release|Any CPU
		{EEB3272F-2C24-4599-89B0-64CB99327A3A}.Release|iPhoneSimulator.ActiveCfg = Release|Any CPU
		{EEB3272F-2C24-4599-89B0-64CB99327A3A}.Release|iPhoneSimulator.Build.0 = Release|Any CPU
		{EEB3272F-2C24-4599-89B0-64CB99327A3A}.Release|x64.ActiveCfg = Release|Any CPU
		{EEB3272F-2C24-4599-89B0-64CB99327A3A}.Release|x64.Build.0 = Release|Any CPU
		{EEB3272F-2C24-4599-89B0-64CB99327A3A}.Release|x86.ActiveCfg = Release|Any CPU
		{EEB3272F-2C24-4599-89B0-64CB99327A3A}.Release|x86.Build.0 = Release|Any CPU
	EndGlobalSection
	GlobalSection(SolutionProperties) = preSolution
		HideSolutionNode = FALSE
	EndGlobalSection
EndGlobal
